
Microsoft Visual Studio Solution File, Format Version 12.00
# Visual Studio Version 17
VisualStudioVersion = 17.6.33829.357
MinimumVisualStudioVersion = 10.0.40219.1
Project("{FAE04EC0-301F-11D3-BF4B-00C04F79EFBC}") = "BookProjectWebAPI", "BookProjectWebAPI\BookProjectWebAPI.csproj", "{68F1EFF9-7EFD-4417-8805-123AAE6EBCA6}"
EndProject
Global
	GlobalSection(SolutionConfigurationPlatforms) = preSolution
		Debug|Any CPU = Debug|Any CPU
		Release|Any CPU = Release|Any CPU
	EndGlobalSection
	GlobalSection(ProjectConfigurationPlatforms) = postSolution
		{68F1EFF9-7EFD-4417-8805-123AAE6EBCA6}.Debug|Any CPU.ActiveCfg = Debug|Any CPU
		{68F1EFF9-7EFD-4417-8805-123AAE6EBCA6}.Debug|Any CPU.Build.0 = Debug|Any CPU
		{68F1EFF9-7EFD-4417-8805-123AAE6EBCA6}.Release|Any CPU.ActiveCfg = Release|Any CPU
		{68F1EFF9-7EFD-4417-8805-123AAE6EBCA6}.Release|Any CPU.Build.0 = Release|Any CPU
	EndGlobalSection
	GlobalSection(SolutionProperties) = preSolution
		HideSolutionNode = FALSE
	EndGlobalSection
	GlobalSection(ExtensibilityGlobals) = postSolution
		SolutionGuid = {AD531B14-CF99-42C8-8EE0-5DB3CF986CD1}
	EndGlobalSection
EndGlobal
